
Microsoft Visual Studio Solution File, Format Version 12.00
# Visual Studio 15
VisualStudioVersion = 15.0.27703.2042
MinimumVisualStudioVersion = 10.0.40219.1
Project("{FAE04EC0-301F-11D3-BF4B-00C04F79EFBC}") = "OptionType", "OptionType\OptionType.csproj", "{7865F713-3027-4FC4-BF6E-2BC71C42D7F8}"
EndProject
Project("{FAE04EC0-301F-11D3-BF4B-00C04F79EFBC}") = "OptionType.Tests", "OptionType.Tests\OptionType.Tests.csproj", "{FFC1FFA7-22AA-46BD-94E5-4A755CC860CC}"
EndProject
Global
	GlobalSection(SolutionConfigurationPlatforms) = preSolution
		Debug|Any CPU = Debug|Any CPU
		Release|Any CPU = Release|Any CPU
	EndGlobalSection
	GlobalSection(ProjectConfigurationPlatforms) = postSolution
		{7865F713-3027-4FC4-BF6E-2BC71C42D7F8}.Debug|Any CPU.ActiveCfg = Debug|Any CPU
		{7865F713-3027-4FC4-BF6E-2BC71C42D7F8}.Debug|Any CPU.Build.0 = Debug|Any CPU
		{7865F713-3027-4FC4-BF6E-2BC71C42D7F8}.Release|Any CPU.ActiveCfg = Release|Any CPU
		{7865F713-3027-4FC4-BF6E-2BC71C42D7F8}.Release|Any CPU.Build.0 = Release|Any CPU
		{FFC1FFA7-22AA-46BD-94E5-4A755CC860CC}.Debug|Any CPU.ActiveCfg = Debug|Any CPU
		{FFC1FFA7-22AA-46BD-94E5-4A755CC860CC}.Debug|Any CPU.Build.0 = Debug|Any CPU
		{FFC1FFA7-22AA-46BD-94E5-4A755CC860CC}.Release|Any CPU.ActiveCfg = Release|Any CPU
		{FFC1FFA7-22AA-46BD-94E5-4A755CC860CC}.Release|Any CPU.Build.0 = Release|Any CPU
	EndGlobalSection
	GlobalSection(SolutionProperties) = preSolution
		HideSolutionNode = FALSE
	EndGlobalSection
	GlobalSection(ExtensibilityGlobals) = postSolution
		SolutionGuid = {AC7D4601-CD67-4982-BC43-9BCF0F156A0D}
	EndGlobalSection
EndGlobal
